# This file is automatically @generated by Cargo.
# It is not intended for manual editing.
version = 4

[[package]]
name = "ndnm-brazil"
version = "0.1.0"

[[package]]
name = "ndnm-exdoida"
version = "0.1.0"

[[package]]
name = "ndnm-hermes"
version = "0.1.0"

[[package]]
name = "ndnm-libs"
version = "0.1.0"

[[package]]
name = "node-file-browser"
version = "0.1.0"
